
Microsoft Visual Studio Solution File, Format Version 12.00
# Visual Studio Version 16
VisualStudioVersion = 16.0.30907.101
MinimumVisualStudioVersion = 10.0.40219.1
Project("{FAE04EC0-301F-11D3-BF4B-00C04F79EFBC}") = "Klinika_Karasev_3ISP11-12", "Klinika_Karasev_3ISP11-12.csproj", "{4E4359B6-8712-4E3A-8391-DBA7E2B6B14B}"
EndProject
Global
	GlobalSection(SolutionConfigurationPlatforms) = preSolution
		Debug|Any CPU = Debug|Any CPU
		Release|Any CPU = Release|Any CPU
	EndGlobalSection
	GlobalSection(ProjectConfigurationPlatforms) = postSolution
		{4E4359B6-8712-4E3A-8391-DBA7E2B6B14B}.Debug|Any CPU.ActiveCfg = Debug|Any CPU
		{4E4359B6-8712-4E3A-8391-DBA7E2B6B14B}.Debug|Any CPU.Build.0 = Debug|Any CPU
		{4E4359B6-8712-4E3A-8391-DBA7E2B6B14B}.Release|Any CPU.ActiveCfg = Release|Any CPU
		{4E4359B6-8712-4E3A-8391-DBA7E2B6B14B}.Release|Any CPU.Build.0 = Release|Any CPU
	EndGlobalSection
	GlobalSection(SolutionProperties) = preSolution
		HideSolutionNode = FALSE
	EndGlobalSection
	GlobalSection(ExtensibilityGlobals) = postSolution
		SolutionGuid = {2B46E4B4-F886-4C01-86AA-6E74785CE0C7}
	EndGlobalSection
EndGlobal
